{
    "_meta": {
        "hash": {
            "sha256": "2b9487b36e2769149447c97c5f4956689166123c8536f872a9400f53d72ca752"
        },
        "pipfile-spec": 6,
        "requires": {
            "python_version": "3.9"
        },
        "sources": [
            {
                "name": "pypi",
                "url": "https://pypi.org/simple",
                "verify_ssl": true
            }
        ]
    },
    "default": {
        "certifi": {
            "hashes": [
                "sha256:35824b4c3a97115964b408844d64aa14db1cc518f6562e8d7261699d1350a9e3",
                "sha256:4ad3232f5e926d6718ec31cfc1fcadfde020920e278684144551c91769c7bc18"
            ],
            "index": "pypi",
            "version": "==2022.12.07"
        },
        "python-dateutil": {
            "hashes": [
                "sha256:0123cacc1627ae19ddf3c27a5de5bd67ee4586fbdd6440d9748f8abb483d3e86",
                "sha256:961d03dc3453ebbc59dbdea9e4e11c5651520a876d0f4db161e8674aae935da9"
            ],
            "index": "pypi",
            "version": "==2.8.2"
        },
        "six": {
            "hashes": [
                "sha256:1e61c37477a1626458e36f7b1d82aa5c9b094fa4802892072e49de9c60c4c926",
                "sha256:8abb2f1d86890a2dfb989f9a77cfcfd3e47c2a354b01111771326f8aa26e0254"
            ],
            "index": "pypi",
            "version": "==1.16.0"
        },
        "urllib3": {
            "hashes": [
                "sha256:48e7fafa40319d358848e1bc6809b208340fafe2096f1725d05d67443d0483d1",
                "sha256:bee28b5e56addb8226c96f7f13ac28cb4c301dd5ea8a6ca179c0b9835e032825"
            ],
            "index": "pypi",
            "version": "==2.0.3"
        }
    },
    "develop": {}
}
